// !$*UTF8*$!
{
	archiveVersion = 1;
	classes = {
	};
	objectVersion = 46;
	objects = {

/* Begin PBXBuildFile section */
		844BB49815A0C1A3000F75E9 /* LoginViewController.m in Sources */ = {isa = PBXBuildFile; fileRef = 844BB49715A0C1A3000F75E9 /* LoginViewController.m */; };
		844BB49B15A0C1B2000F75E9 /* loading_fb_button(78,294).png in Resources */ = {isa = PBXBuildFile; fileRef = 844BB49A15A0C1B2000F75E9 /* loading_fb_button(78,294).png */; };
		84758ED7159CD584001929A6 /* ImageDownloader.m in Sources */ = {isa = PBXBuildFile; fileRef = 84758ED6159CD584001929A6 /* ImageDownloader.m */; settings = {COMPILER_FLAGS = "-fno-objc-arc"; }; };
		847B5ECB1598D69F005CFF0E /* UIKit.framework in Frameworks */ = {isa = PBXBuildFile; fileRef = 847B5ECA1598D69F005CFF0E /* UIKit.framework */; };
		847B5ECD1598D69F005CFF0E /* Foundation.framework in Frameworks */ = {isa = PBXBuildFile; fileRef = 847B5ECC1598D69F005CFF0E /* Foundation.framework */; };
		847B5ECF1598D69F005CFF0E /* CoreGraphics.framework in Frameworks */ = {isa = PBXBuildFile; fileRef = 847B5ECE1598D69F005CFF0E /* CoreGraphics.framework */; };
		847B5ED51598D69F005CFF0E /* InfoPlist.strings in Resources */ = {isa = PBXBuildFile; fileRef = 847B5ED31598D69F005CFF0E /* InfoPlist.strings */; };
		847B5ED71598D69F005CFF0E /* main.m in Sources */ = {isa = PBXBuildFile; fileRef = 847B5ED61598D69F005CFF0E /* main.m */; };
		847B5EDB1598D6A0005CFF0E /* AppDelegate.m in Sources */ = {isa = PBXBuildFile; fileRef = 847B5EDA1598D6A0005CFF0E /* AppDelegate.m */; };
		847B5EDE1598D6A0005CFF0E /* MainStoryboard_iPhone.storyboard in Resources */ = {isa = PBXBuildFile; fileRef = 847B5EDC1598D6A0005CFF0E /* MainStoryboard_iPhone.storyboard */; };
		847B5EE11598D6A0005CFF0E /* MainStoryboard_iPad.storyboard in Resources */ = {isa = PBXBuildFile; fileRef = 847B5EDF1598D6A0005CFF0E /* MainStoryboard_iPad.storyboard */; };
		847B5EE41598D6A0005CFF0E /* ViewController.m in Sources */ = {isa = PBXBuildFile; fileRef = 847B5EE31598D6A0005CFF0E /* ViewController.m */; };
		847B5EEC1598D6A0005CFF0E /* SenTestingKit.framework in Frameworks */ = {isa = PBXBuildFile; fileRef = 847B5EEB1598D6A0005CFF0E /* SenTestingKit.framework */; };
		847B5EED1598D6A0005CFF0E /* UIKit.framework in Frameworks */ = {isa = PBXBuildFile; fileRef = 847B5ECA1598D69F005CFF0E /* UIKit.framework */; };
		847B5EEE1598D6A0005CFF0E /* Foundation.framework in Frameworks */ = {isa = PBXBuildFile; fileRef = 847B5ECC1598D69F005CFF0E /* Foundation.framework */; };
		847B5EF61598D6A0005CFF0E /* InfoPlist.strings in Resources */ = {isa = PBXBuildFile; fileRef = 847B5EF41598D6A0005CFF0E /* InfoPlist.strings */; };
		847B5EF91598D6A0005CFF0E /* SongForYouTests.m in Sources */ = {isa = PBXBuildFile; fileRef = 847B5EF81598D6A0005CFF0E /* SongForYouTests.m */; };
		847B5F0F1598DD57005CFF0E /* AudioFileStream.m in Sources */ = {isa = PBXBuildFile; fileRef = 847B5F041598DD57005CFF0E /* AudioFileStream.m */; settings = {COMPILER_FLAGS = "-fno-objc-arc"; }; };
		847B5F101598DD57005CFF0E /* AudioPlayer.m in Sources */ = {isa = PBXBuildFile; fileRef = 847B5F061598DD57005CFF0E /* AudioPlayer.m */; settings = {COMPILER_FLAGS = "-fno-objc-arc"; }; };
		847B5F111598DD57005CFF0E /* AudioPlayerAppDelegate.m in Sources */ = {isa = PBXBuildFile; fileRef = 847B5F081598DD57005CFF0E /* AudioPlayerAppDelegate.m */; settings = {COMPILER_FLAGS = "-fno-objc-arc"; }; };
		847B5F121598DD57005CFF0E /* AudioPlayerUtil.m in Sources */ = {isa = PBXBuildFile; fileRef = 847B5F0A1598DD57005CFF0E /* AudioPlayerUtil.m */; settings = {COMPILER_FLAGS = "-fno-objc-arc"; }; };
		847B5F131598DD57005CFF0E /* AudioQueue.m in Sources */ = {isa = PBXBuildFile; fileRef = 847B5F0C1598DD57005CFF0E /* AudioQueue.m */; settings = {COMPILER_FLAGS = "-fno-objc-arc"; }; };
		847B5F141598DD57005CFF0E /* AudioRequest.m in Sources */ = {isa = PBXBuildFile; fileRef = 847B5F0E1598DD57005CFF0E /* AudioRequest.m */; settings = {COMPILER_FLAGS = "-fno-objc-arc"; }; };
		847B5F6D1598E0C9005CFF0E /* AudioToolbox.framework in Frameworks */ = {isa = PBXBuildFile; fileRef = 847B5F6C1598E0C9005CFF0E /* AudioToolbox.framework */; };
		847B5F901598EEAE005CFF0E /* Facebook.m in Sources */ = {isa = PBXBuildFile; fileRef = 847B5F731598EEAE005CFF0E /* Facebook.m */; settings = {COMPILER_FLAGS = "-fno-objc-arc"; }; };
		847B5F911598EEAE005CFF0E /* FBDialog.bundle in Resources */ = {isa = PBXBuildFile; fileRef = 847B5F761598EEAE005CFF0E /* FBDialog.bundle */; };
		847B5F921598EEAE005CFF0E /* FBDialog.m in Sources */ = {isa = PBXBuildFile; fileRef = 847B5F781598EEAE005CFF0E /* FBDialog.m */; settings = {COMPILER_FLAGS = "-fno-objc-arc"; }; };
		847B5F931598EEAE005CFF0E /* FBFrictionlessRequestSettings.m in Sources */ = {isa = PBXBuildFile; fileRef = 847B5F7A1598EEAE005CFF0E /* FBFrictionlessRequestSettings.m */; settings = {COMPILER_FLAGS = "-fno-objc-arc"; }; };
		847B5F941598EEAE005CFF0E /* FBLoginDialog.m in Sources */ = {isa = PBXBuildFile; fileRef = 847B5F7C1598EEAE005CFF0E /* FBLoginDialog.m */; settings = {COMPILER_FLAGS = "-fno-objc-arc"; }; };
		847B5F951598EEAE005CFF0E /* FBRequest.m in Sources */ = {isa = PBXBuildFile; fileRef = 847B5F7E1598EEAE005CFF0E /* FBRequest.m */; settings = {COMPILER_FLAGS = "-fno-objc-arc"; }; };
		847B5F961598EEAE005CFF0E /* NSObject+SBJSON.m in Sources */ = {isa = PBXBuildFile; fileRef = 847B5F821598EEAE005CFF0E /* NSObject+SBJSON.m */; settings = {COMPILER_FLAGS = "-fno-objc-arc"; }; };
		847B5F971598EEAE005CFF0E /* NSString+SBJSON.m in Sources */ = {isa = PBXBuildFile; fileRef = 847B5F841598EEAE005CFF0E /* NSString+SBJSON.m */; settings = {COMPILER_FLAGS = "-fno-objc-arc"; }; };
		847B5F981598EEAE005CFF0E /* SBJSON.m in Sources */ = {isa = PBXBuildFile; fileRef = 847B5F861598EEAE005CFF0E /* SBJSON.m */; settings = {COMPILER_FLAGS = "-fno-objc-arc"; }; };
		847B5F991598EEAE005CFF0E /* SBJsonBase.m in Sources */ = {isa = PBXBuildFile; fileRef = 847B5F881598EEAE005CFF0E /* SBJsonBase.m */; settings = {COMPILER_FLAGS = "-fno-objc-arc"; }; };
		847B5F9A1598EEAE005CFF0E /* SBJsonParser.m in Sources */ = {isa = PBXBuildFile; fileRef = 847B5F8A1598EEAE005CFF0E /* SBJsonParser.m */; settings = {COMPILER_FLAGS = "-fno-objc-arc"; }; };
		847B5F9B1598EEAE005CFF0E /* SBJsonWriter.m in Sources */ = {isa = PBXBuildFile; fileRef = 847B5F8C1598EEAE005CFF0E /* SBJsonWriter.m */; settings = {COMPILER_FLAGS = "-fno-objc-arc"; }; };
		847B5FB41598EF1F005CFF0E /* Placeholder.png in Resources */ = {isa = PBXBuildFile; fileRef = 847B5FB31598EF1F005CFF0E /* Placeholder.png */; };
		847B5FBB15999E34005CFF0E /* FBFriend.m in Sources */ = {isa = PBXBuildFile; fileRef = 847B5FB815999E34005CFF0E /* FBFriend.m */; };
		847B5FBC15999E34005CFF0E /* FBFriendsViewController.m in Sources */ = {isa = PBXBuildFile; fileRef = 847B5FBA15999E34005CFF0E /* FBFriendsViewController.m */; settings = {COMPILER_FLAGS = "-fno-objc-arc"; }; };
/* End PBXBuildFile section */

/* Begin PBXContainerItemProxy section */
		847B5EEF1598D6A0005CFF0E /* PBXContainerItemProxy */ = {
			isa = PBXContainerItemProxy;
			containerPortal = 847B5EBD1598D69F005CFF0E /* Project object */;
			proxyType = 1;
			remoteGlobalIDString = 847B5EC51598D69F005CFF0E;
			remoteInfo = SongForYou;
		};
/* End PBXContainerItemProxy section */

/* Begin PBXFileReference section */
		844BB49615A0C1A3000F75E9 /* LoginViewController.h */ = {isa = PBXFileReference; fileEncoding = 4; lastKnownFileType = sourcecode.c.h; path = LoginViewController.h; sourceTree = "<group>"; };
		844BB49715A0C1A3000F75E9 /* LoginViewController.m */ = {isa = PBXFileReference; fileEncoding = 4; lastKnownFileType = sourcecode.c.objc; path = LoginViewController.m; sourceTree = "<group>"; };
		844BB49A15A0C1B2000F75E9 /* loading_fb_button(78,294).png */ = {isa = PBXFileReference; lastKnownFileType = image.png; path = "loading_fb_button(78,294).png"; sourceTree = "<group>"; };
		84758ED5159CD584001929A6 /* ImageDownloader.h */ = {isa = PBXFileReference; fileEncoding = 4; lastKnownFileType = sourcecode.c.h; path = ImageDownloader.h; sourceTree = "<group>"; };
		84758ED6159CD584001929A6 /* ImageDownloader.m */ = {isa = PBXFileReference; fileEncoding = 4; lastKnownFileType = sourcecode.c.objc; path = ImageDownloader.m; sourceTree = "<group>"; };
		847B5EC61598D69F005CFF0E /* SongForYou.app */ = {isa = PBXFileReference; explicitFileType = wrapper.application; includeInIndex = 0; path = SongForYou.app; sourceTree = BUILT_PRODUCTS_DIR; };
		847B5ECA1598D69F005CFF0E /* UIKit.framework */ = {isa = PBXFileReference; lastKnownFileType = wrapper.framework; name = UIKit.framework; path = System/Library/Frameworks/UIKit.framework; sourceTree = SDKROOT; };
		847B5ECC1598D69F005CFF0E /* Foundation.framework */ = {isa = PBXFileReference; lastKnownFileType = wrapper.framework; name = Foundation.framework; path = System/Library/Frameworks/Foundation.framework; sourceTree = SDKROOT; };
		847B5ECE1598D69F005CFF0E /* CoreGraphics.framework */ = {isa = PBXFileReference; lastKnownFileType = wrapper.framework; name = CoreGraphics.framework; path = System/Library/Frameworks/CoreGraphics.framework; sourceTree = SDKROOT; };
		847B5ED21598D69F005CFF0E /* SongForYou-Info.plist */ = {isa = PBXFileReference; lastKnownFileType = text.plist.xml; path = "SongForYou-Info.plist"; sourceTree = "<group>"; };
		847B5ED41598D69F005CFF0E /* en */ = {isa = PBXFileReference; lastKnownFileType = text.plist.strings; name = en; path = en.lproj/InfoPlist.strings; sourceTree = "<group>"; };
		847B5ED61598D69F005CFF0E /* main.m */ = {isa = PBXFileReference; lastKnownFileType = sourcecode.c.objc; path = main.m; sourceTree = "<group>"; };
		847B5ED81598D69F005CFF0E /* SongForYou-Prefix.pch */ = {isa = PBXFileReference; lastKnownFileType = sourcecode.c.h; path = "SongForYou-Prefix.pch"; sourceTree = "<group>"; };
		847B5ED91598D6A0005CFF0E /* AppDelegate.h */ = {isa = PBXFileReference; lastKnownFileType = sourcecode.c.h; path = AppDelegate.h; sourceTree = "<group>"; };
		847B5EDA1598D6A0005CFF0E /* AppDelegate.m */ = {isa = PBXFileReference; lastKnownFileType = sourcecode.c.objc; path = AppDelegate.m; sourceTree = "<group>"; };
		847B5EDD1598D6A0005CFF0E /* en */ = {isa = PBXFileReference; lastKnownFileType = file.storyboard; name = en; path = en.lproj/MainStoryboard_iPhone.storyboard; sourceTree = "<group>"; };
		847B5EE01598D6A0005CFF0E /* en */ = {isa = PBXFileReference; lastKnownFileType = file.storyboard; name = en; path = en.lproj/MainStoryboard_iPad.storyboard; sourceTree = "<group>"; };
		847B5EE21598D6A0005CFF0E /* ViewController.h */ = {isa = PBXFileReference; lastKnownFileType = sourcecode.c.h; path = ViewController.h; sourceTree = "<group>"; };
		847B5EE31598D6A0005CFF0E /* ViewController.m */ = {isa = PBXFileReference; lastKnownFileType = sourcecode.c.objc; path = ViewController.m; sourceTree = "<group>"; };
		847B5EEA1598D6A0005CFF0E /* SongForYouTests.octest */ = {isa = PBXFileReference; explicitFileType = wrapper.cfbundle; includeInIndex = 0; path = SongForYouTests.octest; sourceTree = BUILT_PRODUCTS_DIR; };
		847B5EEB1598D6A0005CFF0E /* SenTestingKit.framework */ = {isa = PBXFileReference; lastKnownFileType = wrapper.framework; name = SenTestingKit.framework; path = Library/Frameworks/SenTestingKit.framework; sourceTree = DEVELOPER_DIR; };
		847B5EF31598D6A0005CFF0E /* SongForYouTests-Info.plist */ = {isa = PBXFileReference; lastKnownFileType = text.plist.xml; path = "SongForYouTests-Info.plist"; sourceTree = "<group>"; };
		847B5EF51598D6A0005CFF0E /* en */ = {isa = PBXFileReference; lastKnownFileType = text.plist.strings; name = en; path = en.lproj/InfoPlist.strings; sourceTree = "<group>"; };
		847B5EF71598D6A0005CFF0E /* SongForYouTests.h */ = {isa = PBXFileReference; lastKnownFileType = sourcecode.c.h; path = SongForYouTests.h; sourceTree = "<group>"; };
		847B5EF81598D6A0005CFF0E /* SongForYouTests.m */ = {isa = PBXFileReference; lastKnownFileType = sourcecode.c.objc; path = SongForYouTests.m; sourceTree = "<group>"; };
		847B5F031598DD57005CFF0E /* AudioFileStream.h */ = {isa = PBXFileReference; fileEncoding = 4; lastKnownFileType = sourcecode.c.h; path = AudioFileStream.h; sourceTree = "<group>"; };
		847B5F041598DD57005CFF0E /* AudioFileStream.m */ = {isa = PBXFileReference; fileEncoding = 4; lastKnownFileType = sourcecode.c.objc; path = AudioFileStream.m; sourceTree = "<group>"; };
		847B5F051598DD57005CFF0E /* AudioPlayer.h */ = {isa = PBXFileReference; fileEncoding = 4; lastKnownFileType = sourcecode.c.h; path = AudioPlayer.h; sourceTree = "<group>"; };
		847B5F061598DD57005CFF0E /* AudioPlayer.m */ = {isa = PBXFileReference; fileEncoding = 4; lastKnownFileType = sourcecode.c.objc; path = AudioPlayer.m; sourceTree = "<group>"; };
		847B5F071598DD57005CFF0E /* AudioPlayerAppDelegate.h */ = {isa = PBXFileReference; fileEncoding = 4; lastKnownFileType = sourcecode.c.h; path = AudioPlayerAppDelegate.h; sourceTree = "<group>"; };
		847B5F081598DD57005CFF0E /* AudioPlayerAppDelegate.m */ = {isa = PBXFileReference; fileEncoding = 4; lastKnownFileType = sourcecode.c.objc; path = AudioPlayerAppDelegate.m; sourceTree = "<group>"; };
		847B5F091598DD57005CFF0E /* AudioPlayerUtil.h */ = {isa = PBXFileReference; fileEncoding = 4; lastKnownFileType = sourcecode.c.h; path = AudioPlayerUtil.h; sourceTree = "<group>"; };
		847B5F0A1598DD57005CFF0E /* AudioPlayerUtil.m */ = {isa = PBXFileReference; fileEncoding = 4; lastKnownFileType = sourcecode.c.objc; path = AudioPlayerUtil.m; sourceTree = "<group>"; };
		847B5F0B1598DD57005CFF0E /* AudioQueue.h */ = {isa = PBXFileReference; fileEncoding = 4; lastKnownFileType = sourcecode.c.h; path = AudioQueue.h; sourceTree = "<group>"; };
		847B5F0C1598DD57005CFF0E /* AudioQueue.m */ = {isa = PBXFileReference; fileEncoding = 4; lastKnownFileType = sourcecode.c.objc; path = AudioQueue.m; sourceTree = "<group>"; };
		847B5F0D1598DD57005CFF0E /* AudioRequest.h */ = {isa = PBXFileReference; fileEncoding = 4; lastKnownFileType = sourcecode.c.h; path = AudioRequest.h; sourceTree = "<group>"; };
		847B5F0E1598DD57005CFF0E /* AudioRequest.m */ = {isa = PBXFileReference; fileEncoding = 4; lastKnownFileType = sourcecode.c.objc; path = AudioRequest.m; sourceTree = "<group>"; };
		847B5F6C1598E0C9005CFF0E /* AudioToolbox.framework */ = {isa = PBXFileReference; lastKnownFileType = wrapper.framework; name = AudioToolbox.framework; path = System/Library/Frameworks/AudioToolbox.framework; sourceTree = SDKROOT; };
		847B5F721598EEAE005CFF0E /* Facebook.h */ = {isa = PBXFileReference; fileEncoding = 4; lastKnownFileType = sourcecode.c.h; path = Facebook.h; sourceTree = "<group>"; };
		847B5F731598EEAE005CFF0E /* Facebook.m */ = {isa = PBXFileReference; fileEncoding = 4; lastKnownFileType = sourcecode.c.objc; path = Facebook.m; sourceTree = "<group>"; };
		847B5F751598EEAE005CFF0E /* FBConnect.h */ = {isa = PBXFileReference; fileEncoding = 4; lastKnownFileType = sourcecode.c.h; path = FBConnect.h; sourceTree = "<group>"; };
		847B5F761598EEAE005CFF0E /* FBDialog.bundle */ = {isa = PBXFileReference; lastKnownFileType = "wrapper.plug-in"; path = FBDialog.bundle; sourceTree = "<group>"; };
		847B5F771598EEAE005CFF0E /* FBDialog.h */ = {isa = PBXFileReference; fileEncoding = 4; lastKnownFileType = sourcecode.c.h; path = FBDialog.h; sourceTree = "<group>"; };
		847B5F781598EEAE005CFF0E /* FBDialog.m */ = {isa = PBXFileReference; fileEncoding = 4; lastKnownFileType = sourcecode.c.objc; path = FBDialog.m; sourceTree = "<group>"; };
		847B5F791598EEAE005CFF0E /* FBFrictionlessRequestSettings.h */ = {isa = PBXFileReference; fileEncoding = 4; lastKnownFileType = sourcecode.c.h; path = FBFrictionlessRequestSettings.h; sourceTree = "<group>"; };
		847B5F7A1598EEAE005CFF0E /* FBFrictionlessRequestSettings.m */ = {isa = PBXFileReference; fileEncoding = 4; lastKnownFileType = sourcecode.c.objc; path = FBFrictionlessRequestSettings.m; sourceTree = "<group>"; };
		847B5F7B1598EEAE005CFF0E /* FBLoginDialog.h */ = {isa = PBXFileReference; fileEncoding = 4; lastKnownFileType = sourcecode.c.h; path = FBLoginDialog.h; sourceTree = "<group>"; };
		847B5F7C1598EEAE005CFF0E /* FBLoginDialog.m */ = {isa = PBXFileReference; fileEncoding = 4; lastKnownFileType = sourcecode.c.objc; path = FBLoginDialog.m; sourceTree = "<group>"; };
		847B5F7D1598EEAE005CFF0E /* FBRequest.h */ = {isa = PBXFileReference; fileEncoding = 4; lastKnownFileType = sourcecode.c.h; path = FBRequest.h; sourceTree = "<group>"; };
		847B5F7E1598EEAE005CFF0E /* FBRequest.m */ = {isa = PBXFileReference; fileEncoding = 4; lastKnownFileType = sourcecode.c.objc; path = FBRequest.m; sourceTree = "<group>"; };
		847B5F801598EEAE005CFF0E /* JSON.h */ = {isa = PBXFileReference; fileEncoding = 4; lastKnownFileType = sourcecode.c.h; path = JSON.h; sourceTree = "<group>"; };
		847B5F811598EEAE005CFF0E /* NSObject+SBJSON.h */ = {isa = PBXFileReference; fileEncoding = 4; lastKnownFileType = sourcecode.c.h; path = "NSObject+SBJSON.h"; sourceTree = "<group>"; };
		847B5F821598EEAE005CFF0E /* NSObject+SBJSON.m */ = {isa = PBXFileReference; fileEncoding = 4; lastKnownFileType = sourcecode.c.objc; path = "NSObject+SBJSON.m"; sourceTree = "<group>"; };
		847B5F831598EEAE005CFF0E /* NSString+SBJSON.h */ = {isa = PBXFileReference; fileEncoding = 4; lastKnownFileType = sourcecode.c.h; path = "NSString+SBJSON.h"; sourceTree = "<group>"; };
		847B5F841598EEAE005CFF0E /* NSString+SBJSON.m */ = {isa = PBXFileReference; fileEncoding = 4; lastKnownFileType = sourcecode.c.objc; path = "NSString+SBJSON.m"; sourceTree = "<group>"; };
		847B5F851598EEAE005CFF0E /* SBJSON.h */ = {isa = PBXFileReference; fileEncoding = 4; lastKnownFileType = sourcecode.c.h; path = SBJSON.h; sourceTree = "<group>"; };
		847B5F861598EEAE005CFF0E /* SBJSON.m */ = {isa = PBXFileReference; fileEncoding = 4; lastKnownFileType = sourcecode.c.objc; path = SBJSON.m; sourceTree = "<group>"; };
		847B5F871598EEAE005CFF0E /* SBJsonBase.h */ = {isa = PBXFileReference; fileEncoding = 4; lastKnownFileType = sourcecode.c.h; path = SBJsonBase.h; sourceTree = "<group>"; };
		847B5F881598EEAE005CFF0E /* SBJsonBase.m */ = {isa = PBXFileReference; fileEncoding = 4; lastKnownFileType = sourcecode.c.objc; path = SBJsonBase.m; sourceTree = "<group>"; };
		847B5F891598EEAE005CFF0E /* SBJsonParser.h */ = {isa = PBXFileReference; fileEncoding = 4; lastKnownFileType = sourcecode.c.h; path = SBJsonParser.h; sourceTree = "<group>"; };
		847B5F8A1598EEAE005CFF0E /* SBJsonParser.m */ = {isa = PBXFileReference; fileEncoding = 4; lastKnownFileType = sourcecode.c.objc; path = SBJsonParser.m; sourceTree = "<group>"; };
		847B5F8B1598EEAE005CFF0E /* SBJsonWriter.h */ = {isa = PBXFileReference; fileEncoding = 4; lastKnownFileType = sourcecode.c.h; path = SBJsonWriter.h; sourceTree = "<group>"; };
		847B5F8C1598EEAE005CFF0E /* SBJsonWriter.m */ = {isa = PBXFileReference; fileEncoding = 4; lastKnownFileType = sourcecode.c.objc; path = SBJsonWriter.m; sourceTree = "<group>"; };
		847B5FB31598EF1F005CFF0E /* Placeholder.png */ = {isa = PBXFileReference; lastKnownFileType = image.png; path = Placeholder.png; sourceTree = "<group>"; };
		847B5FB715999E34005CFF0E /* FBFriend.h */ = {isa = PBXFileReference; fileEncoding = 4; lastKnownFileType = sourcecode.c.h; path = FBFriend.h; sourceTree = "<group>"; };
		847B5FB815999E34005CFF0E /* FBFriend.m */ = {isa = PBXFileReference; fileEncoding = 4; lastKnownFileType = sourcecode.c.objc; path = FBFriend.m; sourceTree = "<group>"; };
		847B5FB915999E34005CFF0E /* FBFriendsViewController.h */ = {isa = PBXFileReference; fileEncoding = 4; lastKnownFileType = sourcecode.c.h; path = FBFriendsViewController.h; sourceTree = "<group>"; };
		847B5FBA15999E34005CFF0E /* FBFriendsViewController.m */ = {isa = PBXFileReference; fileEncoding = 4; lastKnownFileType = sourcecode.c.objc; path = FBFriendsViewController.m; sourceTree = "<group>"; };
/* End PBXFileReference section */

/* Begin PBXFrameworksBuildPhase section */
		847B5EC31598D69F005CFF0E /* Frameworks */ = {
			isa = PBXFrameworksBuildPhase;
			buildActionMask = 2147483647;
			files = (
				847B5F6D1598E0C9005CFF0E /* AudioToolbox.framework in Frameworks */,
				847B5ECB1598D69F005CFF0E /* UIKit.framework in Frameworks */,
				847B5ECD1598D69F005CFF0E /* Foundation.framework in Frameworks */,
				847B5ECF1598D69F005CFF0E /* CoreGraphics.framework in Frameworks */,
			);
			runOnlyForDeploymentPostprocessing = 0;
		};
		847B5EE61598D6A0005CFF0E /* Frameworks */ = {
			isa = PBXFrameworksBuildPhase;
			buildActionMask = 2147483647;
			files = (
				847B5EEC1598D6A0005CFF0E /* SenTestingKit.framework in Frameworks */,
				847B5EED1598D6A0005CFF0E /* UIKit.framework in Frameworks */,
				847B5EEE1598D6A0005CFF0E /* Foundation.framework in Frameworks */,
			);
			runOnlyForDeploymentPostprocessing = 0;
		};
/* End PBXFrameworksBuildPhase section */

/* Begin PBXGroup section */
		847B5EBB1598D69F005CFF0E = {
			isa = PBXGroup;
			children = (
				847B5ED01598D69F005CFF0E /* SongForYou */,
				847B5EF11598D6A0005CFF0E /* SongForYouTests */,
				847B5EC91598D69F005CFF0E /* Frameworks */,
				847B5EC71598D69F005CFF0E /* Products */,
			);
			sourceTree = "<group>";
		};
		847B5EC71598D69F005CFF0E /* Products */ = {
			isa = PBXGroup;
			children = (
				847B5EC61598D69F005CFF0E /* SongForYou.app */,
				847B5EEA1598D6A0005CFF0E /* SongForYouTests.octest */,
			);
			name = Products;
			sourceTree = "<group>";
		};
		847B5EC91598D69F005CFF0E /* Frameworks */ = {
			isa = PBXGroup;
			children = (
				847B5F6C1598E0C9005CFF0E /* AudioToolbox.framework */,
				847B5ECA1598D69F005CFF0E /* UIKit.framework */,
				847B5ECC1598D69F005CFF0E /* Foundation.framework */,
				847B5ECE1598D69F005CFF0E /* CoreGraphics.framework */,
				847B5EEB1598D6A0005CFF0E /* SenTestingKit.framework */,
			);
			name = Frameworks;
			sourceTree = "<group>";
		};
		847B5ED01598D69F005CFF0E /* SongForYou */ = {
			isa = PBXGroup;
			children = (
				847B5EDC1598D6A0005CFF0E /* MainStoryboard_iPhone.storyboard */,
				847B5EDF1598D6A0005CFF0E /* MainStoryboard_iPad.storyboard */,
				847B5ED91598D6A0005CFF0E /* AppDelegate.h */,
				847B5EDA1598D6A0005CFF0E /* AppDelegate.m */,
				847B5EE21598D6A0005CFF0E /* ViewController.h */,
				847B5EE31598D6A0005CFF0E /* ViewController.m */,
				847B5FB615999E1E005CFF0E /* FBFriends */,
				847B5FB51598EF37005CFF0E /* Images */,
				847B5F6E1598EEAE005CFF0E /* FBConnect */,
				847B5F021598DD19005CFF0E /* AudioPlayer */,
				847B5ED11598D69F005CFF0E /* Supporting Files */,
			);
			path = SongForYou;
			sourceTree = "<group>";
		};
		847B5ED11598D69F005CFF0E /* Supporting Files */ = {
			isa = PBXGroup;
			children = (
				847B5ED21598D69F005CFF0E /* SongForYou-Info.plist */,
				847B5ED31598D69F005CFF0E /* InfoPlist.strings */,
				847B5ED61598D69F005CFF0E /* main.m */,
				847B5ED81598D69F005CFF0E /* SongForYou-Prefix.pch */,
			);
			name = "Supporting Files";
			sourceTree = "<group>";
		};
		847B5EF11598D6A0005CFF0E /* SongForYouTests */ = {
			isa = PBXGroup;
			children = (
				847B5EF71598D6A0005CFF0E /* SongForYouTests.h */,
				847B5EF81598D6A0005CFF0E /* SongForYouTests.m */,
				847B5EF21598D6A0005CFF0E /* Supporting Files */,
			);
			path = SongForYouTests;
			sourceTree = "<group>";
		};
		847B5EF21598D6A0005CFF0E /* Supporting Files */ = {
			isa = PBXGroup;
			children = (
				847B5EF31598D6A0005CFF0E /* SongForYouTests-Info.plist */,
				847B5EF41598D6A0005CFF0E /* InfoPlist.strings */,
			);
			name = "Supporting Files";
			sourceTree = "<group>";
		};
		847B5F021598DD19005CFF0E /* AudioPlayer */ = {
			isa = PBXGroup;
			children = (
				847B5F031598DD57005CFF0E /* AudioFileStream.h */,
				847B5F041598DD57005CFF0E /* AudioFileStream.m */,
				847B5F051598DD57005CFF0E /* AudioPlayer.h */,
				847B5F061598DD57005CFF0E /* AudioPlayer.m */,
				847B5F071598DD57005CFF0E /* AudioPlayerAppDelegate.h */,
				847B5F081598DD57005CFF0E /* AudioPlayerAppDelegate.m */,
				847B5F091598DD57005CFF0E /* AudioPlayerUtil.h */,
				847B5F0A1598DD57005CFF0E /* AudioPlayerUtil.m */,
				847B5F0B1598DD57005CFF0E /* AudioQueue.h */,
				847B5F0C1598DD57005CFF0E /* AudioQueue.m */,
				847B5F0D1598DD57005CFF0E /* AudioRequest.h */,
				847B5F0E1598DD57005CFF0E /* AudioRequest.m */,
			);
			name = AudioPlayer;
			sourceTree = "<group>";
		};
		847B5F6E1598EEAE005CFF0E /* FBConnect */ = {
			isa = PBXGroup;
			children = (
				847B5F721598EEAE005CFF0E /* Facebook.h */,
				847B5F731598EEAE005CFF0E /* Facebook.m */,
				847B5F751598EEAE005CFF0E /* FBConnect.h */,
				847B5F761598EEAE005CFF0E /* FBDialog.bundle */,
				847B5F771598EEAE005CFF0E /* FBDialog.h */,
				847B5F781598EEAE005CFF0E /* FBDialog.m */,
				847B5F791598EEAE005CFF0E /* FBFrictionlessRequestSettings.h */,
				847B5F7A1598EEAE005CFF0E /* FBFrictionlessRequestSettings.m */,
				847B5F7B1598EEAE005CFF0E /* FBLoginDialog.h */,
				847B5F7C1598EEAE005CFF0E /* FBLoginDialog.m */,
				847B5F7D1598EEAE005CFF0E /* FBRequest.h */,
				847B5F7E1598EEAE005CFF0E /* FBRequest.m */,
				847B5F7F1598EEAE005CFF0E /* JSON */,
			);
			path = FBConnect;
			sourceTree = "<group>";
		};
		847B5F7F1598EEAE005CFF0E /* JSON */ = {
			isa = PBXGroup;
			children = (
				847B5F801598EEAE005CFF0E /* JSON.h */,
				847B5F811598EEAE005CFF0E /* NSObject+SBJSON.h */,
				847B5F821598EEAE005CFF0E /* NSObject+SBJSON.m */,
				847B5F831598EEAE005CFF0E /* NSString+SBJSON.h */,
				847B5F841598EEAE005CFF0E /* NSString+SBJSON.m */,
				847B5F851598EEAE005CFF0E /* SBJSON.h */,
				847B5F861598EEAE005CFF0E /* SBJSON.m */,
				847B5F871598EEAE005CFF0E /* SBJsonBase.h */,
				847B5F881598EEAE005CFF0E /* SBJsonBase.m */,
				847B5F891598EEAE005CFF0E /* SBJsonParser.h */,
				847B5F8A1598EEAE005CFF0E /* SBJsonParser.m */,
				847B5F8B1598EEAE005CFF0E /* SBJsonWriter.h */,
				847B5F8C1598EEAE005CFF0E /* SBJsonWriter.m */,
			);
			path = JSON;
			sourceTree = "<group>";
		};
		847B5FB51598EF37005CFF0E /* Images */ = {
			isa = PBXGroup;
			children = (
				844BB49A15A0C1B2000F75E9 /* loading_fb_button(78,294).png */,
				847B5FB31598EF1F005CFF0E /* Placeholder.png */,
			);
			name = Images;
			sourceTree = "<group>";
		};
		847B5FB615999E1E005CFF0E /* FBFriends */ = {
			isa = PBXGroup;
			children = (
				84758ED5159CD584001929A6 /* ImageDownloader.h */,
				84758ED6159CD584001929A6 /* ImageDownloader.m */,
				847B5FB715999E34005CFF0E /* FBFriend.h */,
				847B5FB815999E34005CFF0E /* FBFriend.m */,
				847B5FB915999E34005CFF0E /* FBFriendsViewController.h */,
				847B5FBA15999E34005CFF0E /* FBFriendsViewController.m */,
				844BB49615A0C1A3000F75E9 /* LoginViewController.h */,
				844BB49715A0C1A3000F75E9 /* LoginViewController.m */,
			);
			name = FBFriends;
			sourceTree = "<group>";
		};
/* End PBXGroup section */

/* Begin PBXNativeTarget section */
		847B5EC51598D69F005CFF0E /* SongForYou */ = {
			isa = PBXNativeTarget;
			buildConfigurationList = 847B5EFC1598D6A0005CFF0E /* Build configuration list for PBXNativeTarget "SongForYou" */;
			buildPhases = (
				847B5EC21598D69F005CFF0E /* Sources */,
				847B5EC31598D69F005CFF0E /* Frameworks */,
				847B5EC41598D69F005CFF0E /* Resources */,
			);
			buildRules = (
			);
			dependencies = (
			);
			name = SongForYou;
			productName = SongForYou;
			productReference = 847B5EC61598D69F005CFF0E /* SongForYou.app */;
			productType = "com.apple.product-type.application";
		};
		847B5EE91598D6A0005CFF0E /* SongForYouTests */ = {
			isa = PBXNativeTarget;
			buildConfigurationList = 847B5EFF1598D6A0005CFF0E /* Build configuration list for PBXNativeTarget "SongForYouTests" */;
			buildPhases = (
				847B5EE51598D6A0005CFF0E /* Sources */,
				847B5EE61598D6A0005CFF0E /* Frameworks */,
				847B5EE71598D6A0005CFF0E /* Resources */,
				847B5EE81598D6A0005CFF0E /* ShellScript */,
			);
			buildRules = (
			);
			dependencies = (
				847B5EF01598D6A0005CFF0E /* PBXTargetDependency */,
			);
			name = SongForYouTests;
			productName = SongForYouTests;
			productReference = 847B5EEA1598D6A0005CFF0E /* SongForYouTests.octest */;
			productType = "com.apple.product-type.bundle";
		};
/* End PBXNativeTarget section */

/* Begin PBXProject section */
		847B5EBD1598D69F005CFF0E /* Project object */ = {
			isa = PBXProject;
			attributes = {
				LastUpgradeCheck = 0430;
			};
			buildConfigurationList = 847B5EC01598D69F005CFF0E /* Build configuration list for PBXProject "SongForYou" */;
			compatibilityVersion = "Xcode 3.2";
			developmentRegion = English;
			hasScannedForEncodings = 0;
			knownRegions = (
				en,
			);
			mainGroup = 847B5EBB1598D69F005CFF0E;
			productRefGroup = 847B5EC71598D69F005CFF0E /* Products */;
			projectDirPath = "";
			projectRoot = "";
			targets = (
				847B5EC51598D69F005CFF0E /* SongForYou */,
				847B5EE91598D6A0005CFF0E /* SongForYouTests */,
			);
		};
/* End PBXProject section */

/* Begin PBXResourcesBuildPhase section */
		847B5EC41598D69F005CFF0E /* Resources */ = {
			isa = PBXResourcesBuildPhase;
			buildActionMask = 2147483647;
			files = (
				847B5ED51598D69F005CFF0E /* InfoPlist.strings in Resources */,
				847B5EDE1598D6A0005CFF0E /* MainStoryboard_iPhone.storyboard in Resources */,
				847B5EE11598D6A0005CFF0E /* MainStoryboard_iPad.storyboard in Resources */,
				847B5F911598EEAE005CFF0E /* FBDialog.bundle in Resources */,
				847B5FB41598EF1F005CFF0E /* Placeholder.png in Resources */,
				844BB49B15A0C1B2000F75E9 /* loading_fb_button(78,294).png in Resources */,
			);
			runOnlyForDeploymentPostprocessing = 0;
		};
		847B5EE71598D6A0005CFF0E /* Resources */ = {
			isa = PBXResourcesBuildPhase;
			buildActionMask = 2147483647;
			files = (
				847B5EF61598D6A0005CFF0E /* InfoPlist.strings in Resources */,
			);
			runOnlyForDeploymentPostprocessing = 0;
		};
/* End PBXResourcesBuildPhase section */

/* Begin PBXShellScriptBuildPhase section */
		847B5EE81598D6A0005CFF0E /* ShellScript */ = {
			isa = PBXShellScriptBuildPhase;
			buildActionMask = 2147483647;
			files = (
			);
			inputPaths = (
			);
			outputPaths = (
			);
			runOnlyForDeploymentPostprocessing = 0;
			shellPath = /bin/sh;
			shellScript = "# Run the unit tests in this test bundle.\n\"${SYSTEM_DEVELOPER_DIR}/Tools/RunUnitTests\"\n";
		};
/* End PBXShellScriptBuildPhase section */

/* Begin PBXSourcesBuildPhase section */
		847B5EC21598D69F005CFF0E /* Sources */ = {
			isa = PBXSourcesBuildPhase;
			buildActionMask = 2147483647;
			files = (
				847B5ED71598D69F005CFF0E /* main.m in Sources */,
				847B5EDB1598D6A0005CFF0E /* AppDelegate.m in Sources */,
				847B5EE41598D6A0005CFF0E /* ViewController.m in Sources */,
				847B5F0F1598DD57005CFF0E /* AudioFileStream.m in Sources */,
				847B5F101598DD57005CFF0E /* AudioPlayer.m in Sources */,
				847B5F111598DD57005CFF0E /* AudioPlayerAppDelegate.m in Sources */,
				847B5F121598DD57005CFF0E /* AudioPlayerUtil.m in Sources */,
				847B5F131598DD57005CFF0E /* AudioQueue.m in Sources */,
				847B5F141598DD57005CFF0E /* AudioRequest.m in Sources */,
				847B5F901598EEAE005CFF0E /* Facebook.m in Sources */,
				847B5F921598EEAE005CFF0E /* FBDialog.m in Sources */,
				847B5F931598EEAE005CFF0E /* FBFrictionlessRequestSettings.m in Sources */,
				847B5F941598EEAE005CFF0E /* FBLoginDialog.m in Sources */,
				847B5F951598EEAE005CFF0E /* FBRequest.m in Sources */,
				847B5F961598EEAE005CFF0E /* NSObject+SBJSON.m in Sources */,
				847B5F971598EEAE005CFF0E /* NSString+SBJSON.m in Sources */,
				847B5F981598EEAE005CFF0E /* SBJSON.m in Sources */,
				847B5F991598EEAE005CFF0E /* SBJsonBase.m in Sources */,
				847B5F9A1598EEAE005CFF0E /* SBJsonParser.m in Sources */,
				847B5F9B1598EEAE005CFF0E /* SBJsonWriter.m in Sources */,
				847B5FBB15999E34005CFF0E /* FBFriend.m in Sources */,
				847B5FBC15999E34005CFF0E /* FBFriendsViewController.m in Sources */,
				84758ED7159CD584001929A6 /* ImageDownloader.m in Sources */,
				844BB49815A0C1A3000F75E9 /* LoginViewController.m in Sources */,
			);
			runOnlyForDeploymentPostprocessing = 0;
		};
		847B5EE51598D6A0005CFF0E /* Sources */ = {
			isa = PBXSourcesBuildPhase;
			buildActionMask = 2147483647;
			files = (
				847B5EF91598D6A0005CFF0E /* SongForYouTests.m in Sources */,
			);
			runOnlyForDeploymentPostprocessing = 0;
		};
/* End PBXSourcesBuildPhase section */

/* Begin PBXTargetDependency section */
		847B5EF01598D6A0005CFF0E /* PBXTargetDependency */ = {
			isa = PBXTargetDependency;
			target = 847B5EC51598D69F005CFF0E /* SongForYou */;
			targetProxy = 847B5EEF1598D6A0005CFF0E /* PBXContainerItemProxy */;
		};
/* End PBXTargetDependency section */

/* Begin PBXVariantGroup section */
		847B5ED31598D69F005CFF0E /* InfoPlist.strings */ = {
			isa = PBXVariantGroup;
			children = (
				847B5ED41598D69F005CFF0E /* en */,
			);
			name = InfoPlist.strings;
			sourceTree = "<group>";
		};
		847B5EDC1598D6A0005CFF0E /* MainStoryboard_iPhone.storyboard */ = {
			isa = PBXVariantGroup;
			children = (
				847B5EDD1598D6A0005CFF0E /* en */,
			);
			name = MainStoryboard_iPhone.storyboard;
			sourceTree = "<group>";
		};
		847B5EDF1598D6A0005CFF0E /* MainStoryboard_iPad.storyboard */ = {
			isa = PBXVariantGroup;
			children = (
				847B5EE01598D6A0005CFF0E /* en */,
			);
			name = MainStoryboard_iPad.storyboard;
			sourceTree = "<group>";
		};
		847B5EF41598D6A0005CFF0E /* InfoPlist.strings */ = {
			isa = PBXVariantGroup;
			children = (
				847B5EF51598D6A0005CFF0E /* en */,
			);
			name = InfoPlist.strings;
			sourceTree = "<group>";
		};
/* End PBXVariantGroup section */

/* Begin XCBuildConfiguration section */
		847B5EFA1598D6A0005CFF0E /* Debug */ = {
			isa = XCBuildConfiguration;
			buildSettings = {
				ALWAYS_SEARCH_USER_PATHS = NO;
				ARCHS = "$(ARCHS_STANDARD_32_BIT)";
				CLANG_ENABLE_OBJC_ARC = YES;
				"CODE_SIGN_IDENTITY[sdk=iphoneos*]" = "iPhone Developer";
				COPY_PHASE_STRIP = NO;
				GCC_C_LANGUAGE_STANDARD = gnu99;
				GCC_DYNAMIC_NO_PIC = NO;
				GCC_OPTIMIZATION_LEVEL = 0;
				GCC_PREPROCESSOR_DEFINITIONS = (
					"DEBUG=1",
					"$(inherited)",
				);
				GCC_SYMBOLS_PRIVATE_EXTERN = NO;
				GCC_VERSION = com.apple.compilers.llvm.clang.1_0;
				GCC_WARN_ABOUT_RETURN_TYPE = YES;
				GCC_WARN_UNINITIALIZED_AUTOS = YES;
				GCC_WARN_UNUSED_VARIABLE = YES;
				IPHONEOS_DEPLOYMENT_TARGET = 5.1;
				SDKROOT = iphoneos;
				TARGETED_DEVICE_FAMILY = "1,2";
			};
			name = Debug;
		};
		847B5EFB1598D6A0005CFF0E /* Release */ = {
			isa = XCBuildConfiguration;
			buildSettings = {
				ALWAYS_SEARCH_USER_PATHS = NO;
				ARCHS = "$(ARCHS_STANDARD_32_BIT)";
				CLANG_ENABLE_OBJC_ARC = YES;
				"CODE_SIGN_IDENTITY[sdk=iphoneos*]" = "iPhone Developer";
				COPY_PHASE_STRIP = YES;
				GCC_C_LANGUAGE_STANDARD = gnu99;
				GCC_VERSION = com.apple.compilers.llvm.clang.1_0;
				GCC_WARN_ABOUT_RETURN_TYPE = YES;
				GCC_WARN_UNINITIALIZED_AUTOS = YES;
				GCC_WARN_UNUSED_VARIABLE = YES;
				IPHONEOS_DEPLOYMENT_TARGET = 5.1;
				OTHER_CFLAGS = "-DNS_BLOCK_ASSERTIONS=1";
				SDKROOT = iphoneos;
				TARGETED_DEVICE_FAMILY = "1,2";
				VALIDATE_PRODUCT = YES;
			};
			name = Release;
		};
		847B5EFD1598D6A0005CFF0E /* Debug */ = {
			isa = XCBuildConfiguration;
			buildSettings = {
				GCC_PRECOMPILE_PREFIX_HEADER = YES;
				GCC_PREFIX_HEADER = "SongForYou/SongForYou-Prefix.pch";
				INFOPLIST_FILE = "SongForYou/SongForYou-Info.plist";
				PRODUCT_NAME = "$(TARGET_NAME)";
				WRAPPER_EXTENSION = app;
			};
			name = Debug;
		};
		847B5EFE1598D6A0005CFF0E /* Release */ = {
			isa = XCBuildConfiguration;
			buildSettings = {
				GCC_PRECOMPILE_PREFIX_HEADER = YES;
				GCC_PREFIX_HEADER = "SongForYou/SongForYou-Prefix.pch";
				INFOPLIST_FILE = "SongForYou/SongForYou-Info.plist";
				PRODUCT_NAME = "$(TARGET_NAME)";
				WRAPPER_EXTENSION = app;
			};
			name = Release;
		};
		847B5F001598D6A0005CFF0E /* Debug */ = {
			isa = XCBuildConfiguration;
			buildSettings = {
				BUNDLE_LOADER = "$(BUILT_PRODUCTS_DIR)/SongForYou.app/SongForYou";
				FRAMEWORK_SEARCH_PATHS = (
					"$(SDKROOT)/Developer/Library/Frameworks",
					"$(DEVELOPER_LIBRARY_DIR)/Frameworks",
				);
				GCC_PRECOMPILE_PREFIX_HEADER = YES;
				GCC_PREFIX_HEADER = "SongForYou/SongForYou-Prefix.pch";
				INFOPLIST_FILE = "SongForYouTests/SongForYouTests-Info.plist";
				PRODUCT_NAME = "$(TARGET_NAME)";
				TEST_HOST = "$(BUNDLE_LOADER)";
				WRAPPER_EXTENSION = octest;
			};
			name = Debug;
		};
		847B5F011598D6A0005CFF0E /* Release */ = {
			isa = XCBuildConfiguration;
			buildSettings = {
				BUNDLE_LOADER = "$(BUILT_PRODUCTS_DIR)/SongForYou.app/SongForYou";
				FRAMEWORK_SEARCH_PATHS = (
					"$(SDKROOT)/Developer/Library/Frameworks",
					"$(DEVELOPER_LIBRARY_DIR)/Frameworks",
				);
				GCC_PRECOMPILE_PREFIX_HEADER = YES;
				GCC_PREFIX_HEADER = "SongForYou/SongForYou-Prefix.pch";
				INFOPLIST_FILE = "SongForYouTests/SongForYouTests-Info.plist";
				PRODUCT_NAME = "$(TARGET_NAME)";
				TEST_HOST = "$(BUNDLE_LOADER)";
				WRAPPER_EXTENSION = octest;
			};
			name = Release;
		};
/* End XCBuildConfiguration section */

/* Begin XCConfigurationList section */
		847B5EC01598D69F005CFF0E /* Build configuration list for PBXProject "SongForYou" */ = {
			isa = XCConfigurationList;
			buildConfigurations = (
				847B5EFA1598D6A0005CFF0E /* Debug */,
				847B5EFB1598D6A0005CFF0E /* Release */,
			);
			defaultConfigurationIsVisible = 0;
			defaultConfigurationName = Release;
		};
		847B5EFC1598D6A0005CFF0E /* Build configuration list for PBXNativeTarget "SongForYou" */ = {
			isa = XCConfigurationList;
			buildConfigurations = (
				847B5EFD1598D6A0005CFF0E /* Debug */,
				847B5EFE1598D6A0005CFF0E /* Release */,
			);
			defaultConfigurationIsVisible = 0;
			defaultConfigurationName = Release;
		};
		847B5EFF1598D6A0005CFF0E /* Build configuration list for PBXNativeTarget "SongForYouTests" */ = {
			isa = XCConfigurationList;
			buildConfigurations = (
				847B5F001598D6A0005CFF0E /* Debug */,
				847B5F011598D6A0005CFF0E /* Release */,
			);
			defaultConfigurationIsVisible = 0;
			defaultConfigurationName = Release;
		};
/* End XCConfigurationList section */
	};
	rootObject = 847B5EBD1598D69F005CFF0E /* Project object */;
}
